
Microsoft Visual Studio Solution File, Format Version 12.00
# Visual Studio 15
Project("{FAE04EC0-301F-11D3-BF4B-00C04F79EFBC}") = "SimuShell", "SimuShell\SimuShell.csproj", "{6E74B767-37DF-4BCD-94E5-363FFA245BAA}"
EndProject
Project("{FAE04EC0-301F-11D3-BF4B-00C04F79EFBC}") = "SUCC", "SimuShell\SUCC.csproj", "{785E76AC-E9B1-4793-80DE-7ED37CCB8504}"
EndProject
Global
	GlobalSection(SolutionConfigurationPlatforms) = preSolution
		Debug|Any CPU = Debug|Any CPU
		Release|Any CPU = Release|Any CPU
	EndGlobalSection
	GlobalSection(ProjectConfigurationPlatforms) = postSolution
		{6E74B767-37DF-4BCD-94E5-363FFA245BAA}.Debug|Any CPU.ActiveCfg = Debug|Any CPU
		{6E74B767-37DF-4BCD-94E5-363FFA245BAA}.Debug|Any CPU.Build.0 = Debug|Any CPU
		{6E74B767-37DF-4BCD-94E5-363FFA245BAA}.Release|Any CPU.ActiveCfg = Release|Any CPU
		{6E74B767-37DF-4BCD-94E5-363FFA245BAA}.Release|Any CPU.Build.0 = Release|Any CPU
		{785E76AC-E9B1-4793-80DE-7ED37CCB8504}.Debug|Any CPU.ActiveCfg = Debug|Any CPU
		{785E76AC-E9B1-4793-80DE-7ED37CCB8504}.Debug|Any CPU.Build.0 = Debug|Any CPU
		{785E76AC-E9B1-4793-80DE-7ED37CCB8504}.Release|Any CPU.ActiveCfg = Release|Any CPU
		{785E76AC-E9B1-4793-80DE-7ED37CCB8504}.Release|Any CPU.Build.0 = Release|Any CPU
	EndGlobalSection
EndGlobal
